
Microsoft Visual Studio Solution File, Format Version 12.00
# Visual Studio Version 17
VisualStudioVersion = 17.1.32407.343
MinimumVisualStudioVersion = 10.0.40219.1
Project("{FAE04EC0-301F-11D3-BF4B-00C04F79EFBC}") = "GraphAlgorithms", "GraphAlgorithms\GraphAlgorithms.csproj", "{09AA684F-0645-4AFA-9F0A-5781DE3D81D1}"
EndProject
Project("{FAE04EC0-301F-11D3-BF4B-00C04F79EFBC}") = "ConsoleExemples", "ConsoleExemple\ConsoleExemples.csproj", "{C22C7748-9659-46C7-BF77-E2D4101141D0}"
EndProject
Project("{FAE04EC0-301F-11D3-BF4B-00C04F79EFBC}") = "Benchmarks", "Benchmarks\Benchmarks.csproj", "{11B8B22D-2404-4849-AD0B-742809355BC4}"
EndProject
Global
	GlobalSection(SolutionConfigurationPlatforms) = preSolution
		Debug|Any CPU = Debug|Any CPU
		Release|Any CPU = Release|Any CPU
	EndGlobalSection
	GlobalSection(ProjectConfigurationPlatforms) = postSolution
		{09AA684F-0645-4AFA-9F0A-5781DE3D81D1}.Debug|Any CPU.ActiveCfg = Debug|Any CPU
		{09AA684F-0645-4AFA-9F0A-5781DE3D81D1}.Debug|Any CPU.Build.0 = Debug|Any CPU
		{09AA684F-0645-4AFA-9F0A-5781DE3D81D1}.Release|Any CPU.ActiveCfg = Release|Any CPU
		{09AA684F-0645-4AFA-9F0A-5781DE3D81D1}.Release|Any CPU.Build.0 = Release|Any CPU
		{C22C7748-9659-46C7-BF77-E2D4101141D0}.Debug|Any CPU.ActiveCfg = Debug|Any CPU
		{C22C7748-9659-46C7-BF77-E2D4101141D0}.Debug|Any CPU.Build.0 = Debug|Any CPU
		{C22C7748-9659-46C7-BF77-E2D4101141D0}.Release|Any CPU.ActiveCfg = Release|Any CPU
		{C22C7748-9659-46C7-BF77-E2D4101141D0}.Release|Any CPU.Build.0 = Release|Any CPU
		{11B8B22D-2404-4849-AD0B-742809355BC4}.Debug|Any CPU.ActiveCfg = Debug|Any CPU
		{11B8B22D-2404-4849-AD0B-742809355BC4}.Debug|Any CPU.Build.0 = Debug|Any CPU
		{11B8B22D-2404-4849-AD0B-742809355BC4}.Release|Any CPU.ActiveCfg = Release|Any CPU
		{11B8B22D-2404-4849-AD0B-742809355BC4}.Release|Any CPU.Build.0 = Release|Any CPU
	EndGlobalSection
	GlobalSection(SolutionProperties) = preSolution
		HideSolutionNode = FALSE
	EndGlobalSection
	GlobalSection(ExtensibilityGlobals) = postSolution
		SolutionGuid = {11FB7DDD-1985-4583-A809-365F5C821C2C}
	EndGlobalSection
EndGlobal
